{
  "lockfileVersion": 1,
  "configVersion": 1,
  "workspaces": {
    "": {
      "name": "infer",
      "dependencies": {
        "just-bash": "latest",
        "openai": "latest",
      },
      "devDependencies": {
        "@types/bun": "latest",
      },
    },
  },
  "packages": {
    "@borewit/text-codec": ["@borewit/text-codec@0.2.2", "https://extend-159581800400.d.codeartifact.us-east-1.amazonaws.com/npm/extend-npm/@borewit/text-codec/-/text-codec-0.2.2.tgz", {}, "sha512-DDaRehssg1aNrH4+2hnj1B7vnUGEjU6OIlyRdkMd0aUdIUvKXrJfXsy8LVtXAy7DRvYVluWbMspsRhz2lcW0mQ=="],

    "@mixmark-io/domino": ["@mixmark-io/domino@2.2.0", "https://extend-159581800400.d.codeartifact.us-east-1.amazonaws.com/npm/extend-npm/@mixmark-io/domino/-/domino-2.2.0.tgz", {}, "sha512-Y28PR25bHXUg88kCV7nivXrP2Nj2RueZ3/l/jdx6J9f8J4nsEGcgX0Qe6lt7Pa+J79+kPiJU3LguR6O/6zrLOw=="],

    "@mongodb-js/zstd": ["@mongodb-js/zstd@7.0.0", "https://extend-159581800400.d.codeartifact.us-east-1.amazonaws.com/npm/extend-npm/@mongodb-js/zstd/-/zstd-7.0.0.tgz", { "dependencies": { "node-addon-api": "^8.5.0", "prebuild-install": "^7.1.3" } }, "sha512-mQ2s0pYYiav+tzCDR05Zptem8Ey2v8s11lri5RKGhTtL4COVCvVCk5vtyRYNT+9L8qSfyOqqefF9UtnW8mC5jA=="],

    "@tokenizer/inflate": ["@tokenizer/inflate@0.4.1", "https://extend-159581800400.d.codeartifact.us-east-1.amazonaws.com/npm/extend-npm/@tokenizer/inflate/-/inflate-0.4.1.tgz", { "dependencies": { "debug": "^4.4.3", "token-types": "^6.1.1" } }, "sha512-2mAv+8pkG6GIZiF1kNg1jAjh27IDxEPKwdGul3snfztFerfPGI1LjDezZp3i7BElXompqEtPmoPx6c2wgtWsOA=="],

    "@tokenizer/token": ["@tokenizer/token@0.3.0", "https://extend-159581800400.d.codeartifact.us-east-1.amazonaws.com/npm/extend-npm/@tokenizer/token/-/token-0.3.0.tgz", {}, "sha512-OvjF+z51L3ov0OyAU0duzsYuvO01PH7x4t6DJx+guahgTnBHkhJdG7soQeTSFLWN3efnHyibZ4Z8l2EuWwJN3A=="],

    "@types/bun": ["@types/bun@1.3.11", "https://extend-159581800400.d.codeartifact.us-east-1.amazonaws.com/npm/extend-npm/@types/bun/-/bun-1.3.11.tgz", { "dependencies": { "bun-types": "1.3.11" } }, "sha512-5vPne5QvtpjGpsGYXiFyycfpDF2ECyPcTSsFBMa0fraoxiQyMJ3SmuQIGhzPg2WJuWxVBoxWJ2kClYTcw/4fAg=="],

    "@types/node": ["@types/node@25.5.2", "https://extend-159581800400.d.codeartifact.us-east-1.amazonaws.com/npm/extend-npm/@types/node/-/node-25.5.2.tgz", { "dependencies": { "undici-types": "~7.18.0" } }, "sha512-tO4ZIRKNC+MDWV4qKVZe3Ql/woTnmHDr5JD8UI5hn2pwBrHEwOEMZK7WlNb5RKB6EoJ02gwmQS9OrjuFnZYdpg=="],

    "amdefine": ["amdefine@1.0.1", "https://extend-159581800400.d.codeartifact.us-east-1.amazonaws.com/npm/extend-npm/amdefine/-/amdefine-1.0.1.tgz", {}, "sha1-SlKCrBZHKek2Gbz9OtFR+BfOkfU="],

    "balanced-match": ["balanced-match@4.0.4", "https://extend-159581800400.d.codeartifact.us-east-1.amazonaws.com/npm/extend-npm/balanced-match/-/balanced-match-4.0.4.tgz", {}, "sha512-BLrgEcRTwX2o6gGxGOCNyMvGSp35YofuYzw9h1IMTRmKqttAZZVU67bdb9Pr2vUHA8+j3i2tJfjO6C6+4myGTA=="],

    "base64-js": ["base64-js@1.5.1", "https://extend-159581800400.d.codeartifact.us-east-1.amazonaws.com/npm/extend-npm/base64-js/-/base64-js-1.5.1.tgz", {}, "sha512-AKpaYlHn8t4SVbOHCy+b5+KKgvR4vrsD8vbvrbiQJps7fKDTkjkDry6ji0rUJjC0kzbNePLwzxq8iypo41qeWA=="],

    "bl": ["bl@4.1.0", "https://extend-159581800400.d.codeartifact.us-east-1.amazonaws.com/npm/extend-npm/bl/-/bl-4.1.0.tgz", { "dependencies": { "buffer": "^5.5.0", "inherits": "^2.0.4", "readable-stream": "^3.4.0" } }, "sha512-1W07cM9gS6DcLperZfFSj+bWLtaPGSOHWhPiGzXmvVJbRLdG82sH/Kn8EtW1VqWVA54AKf2h5k5BbnIbwF3h6w=="],

    "brace-expansion": ["brace-expansion@5.0.5", "https://extend-159581800400.d.codeartifact.us-east-1.amazonaws.com/npm/extend-npm/brace-expansion/-/brace-expansion-5.0.5.tgz", { "dependencies": { "balanced-match": "^4.0.2" } }, "sha512-VZznLgtwhn+Mact9tfiwx64fA9erHH/MCXEUfB/0bX/6Fz6ny5EGTXYltMocqg4xFAQZtnO3DHWWXi8RiuN7cQ=="],

    "buffer": ["buffer@5.7.1", "https://extend-159581800400.d.codeartifact.us-east-1.amazonaws.com/npm/extend-npm/buffer/-/buffer-5.7.1.tgz", { "dependencies": { "base64-js": "^1.3.1", "ieee754": "^1.1.13" } }, "sha512-EHcyIPBQ4BSGlvjB16k5KgAJ27CIsHY/2JBmCRReo48y9rQ3MaUzWX3KVlBa4U7MyX02HdVj0K7C3WaB3ju7FQ=="],

    "bun-types": ["bun-types@1.3.11", "https://extend-159581800400.d.codeartifact.us-east-1.amazonaws.com/npm/extend-npm/bun-types/-/bun-types-1.3.11.tgz", { "dependencies": { "@types/node": "*" } }, "sha512-1KGPpoxQWl9f6wcZh57LvrPIInQMn2TQ7jsgxqpRzg+l0QPOFvJVH7HmvHo/AiPgwXy+/Thf6Ov3EdVn1vOabg=="],

    "chownr": ["chownr@1.1.4", "https://extend-159581800400.d.codeartifact.us-east-1.amazonaws.com/npm/extend-npm/chownr/-/chownr-1.1.4.tgz", {}, "sha512-jJ0bqzaylmJtVnNgzTeSOs8DPavpbYgEr/b0YL8/2GO3xJEhInFmhKMUnEJQjZumK7KXGFhUy89PrsJWlakBVg=="],

    "commander": ["commander@2.8.1", "https://extend-159581800400.d.codeartifact.us-east-1.amazonaws.com/npm/extend-npm/commander/-/commander-2.8.1.tgz", { "dependencies": { "graceful-readlink": ">= 1.0.0" } }, "sha512-+pJLBFVk+9ZZdlAOB5WuIElVPPth47hILFkmGym57aq8kwxsowvByvB0DHs1vQAhyMZzdcpTtF0VDKGkSDR4ZQ=="],

    "compressjs": ["compressjs@1.0.3", "https://extend-159581800400.d.codeartifact.us-east-1.amazonaws.com/npm/extend-npm/compressjs/-/compressjs-1.0.3.tgz", { "dependencies": { "amdefine": "~1.0.0", "commander": "~2.8.1" }, "bin": { "compressjs": "./bin/compressjs" } }, "sha512-jpKJjBTretQACTGLNuvnozP1JdP2ZLrjdGdBgk/tz1VfXlUcBhhSZW6vEsuThmeot/yjvSrPQKEgfF3X2Lpi8Q=="],

    "debug": ["debug@4.4.3", "https://extend-159581800400.d.codeartifact.us-east-1.amazonaws.com/npm/extend-npm/debug/-/debug-4.4.3.tgz", { "dependencies": { "ms": "^2.1.3" } }, "sha512-RGwwWnwQvkVfavKVt22FGLw+xYSdzARwm0ru6DhTVA3umU5hZc28V3kO4stgYryrTlLpuvgI9GiijltAjNbcqA=="],

    "decompress-response": ["decompress-response@6.0.0", "https://extend-159581800400.d.codeartifact.us-east-1.amazonaws.com/npm/extend-npm/decompress-response/-/decompress-response-6.0.0.tgz", { "dependencies": { "mimic-response": "^3.1.0" } }, "sha512-aW35yZM6Bb/4oJlZncMH2LCoZtJXTRxES17vE3hoRiowU2kWHaJKFkSBDnDR+cm9J+9QhXmREyIfv0pji9ejCQ=="],

    "deep-extend": ["deep-extend@0.6.0", "https://extend-159581800400.d.codeartifact.us-east-1.amazonaws.com/npm/extend-npm/deep-extend/-/deep-extend-0.6.0.tgz", {}, "sha512-LOHxIOaPYdHlJRtCQfDIVZtfw/ufM8+rVj649RIHzcm/vGwQRXFt6OPqIFWsm2XEMrNIEtWR64sY1LEKD2vAOA=="],

    "detect-libc": ["detect-libc@2.1.2", "https://extend-159581800400.d.codeartifact.us-east-1.amazonaws.com/npm/extend-npm/detect-libc/-/detect-libc-2.1.2.tgz", {}, "sha512-Btj2BOOO83o3WyH59e8MgXsxEQVcarkUOpEYrubB0urwnN10yQ364rsiByU11nZlqWYZm05i/of7io4mzihBtQ=="],

    "diff": ["diff@8.0.4", "https://extend-159581800400.d.codeartifact.us-east-1.amazonaws.com/npm/extend-npm/diff/-/diff-8.0.4.tgz", {}, "sha512-DPi0FmjiSU5EvQV0++GFDOJ9ASQUVFh5kD+OzOnYdi7n3Wpm9hWWGfB/O2blfHcMVTL5WkQXSnRiK9makhrcnw=="],

    "end-of-stream": ["end-of-stream@1.4.5", "https://extend-159581800400.d.codeartifact.us-east-1.amazonaws.com/npm/extend-npm/end-of-stream/-/end-of-stream-1.4.5.tgz", { "dependencies": { "once": "^1.4.0" } }, "sha512-ooEGc6HP26xXq/N+GCGOT0JKCLDGrq2bQUZrQ7gyrJiZANJ/8YDTxTpQBXGMn+WbIQXNVpyWymm7KYVICQnyOg=="],

    "expand-template": ["expand-template@2.0.3", "https://extend-159581800400.d.codeartifact.us-east-1.amazonaws.com/npm/extend-npm/expand-template/-/expand-template-2.0.3.tgz", {}, "sha512-XYfuKMvj4O35f/pOXLObndIRvyQ+/+6AhODh+OKWj9S9498pHHn/IMszH+gt0fBCRWMNfk1ZSp5x3AifmnI2vg=="],

    "fast-xml-builder": ["fast-xml-builder@1.1.4", "https://extend-159581800400.d.codeartifact.us-east-1.amazonaws.com/npm/extend-npm/fast-xml-builder/-/fast-xml-builder-1.1.4.tgz", { "dependencies": { "path-expression-matcher": "^1.1.3" } }, "sha512-f2jhpN4Eccy0/Uz9csxh3Nu6q4ErKxf0XIsasomfOihuSUa3/xw6w8dnOtCDgEItQFJG8KyXPzQXzcODDrrbOg=="],

    "fast-xml-parser": ["fast-xml-parser@5.5.10", "https://extend-159581800400.d.codeartifact.us-east-1.amazonaws.com/npm/extend-npm/fast-xml-parser/-/fast-xml-parser-5.5.10.tgz", { "dependencies": { "fast-xml-builder": "^1.1.4", "path-expression-matcher": "^1.2.1", "strnum": "^2.2.2" }, "bin": { "fxparser": "src/cli/cli.js" } }, "sha512-go2J2xODMc32hT+4Xr/bBGXMaIoiCwrwp2mMtAvKyvEFW6S/v5Gn2pBmE4nvbwNjGhpcAiOwEv7R6/GZ6XRa9w=="],

    "file-type": ["file-type@21.3.4", "https://extend-159581800400.d.codeartifact.us-east-1.amazonaws.com/npm/extend-npm/file-type/-/file-type-21.3.4.tgz", { "dependencies": { "@tokenizer/inflate": "^0.4.1", "strtok3": "^10.3.4", "token-types": "^6.1.1", "uint8array-extras": "^1.4.0" } }, "sha512-Ievi/yy8DS3ygGvT47PjSfdFoX+2isQueoYP1cntFW1JLYAuS4GD7NUPGg4zv2iZfV52uDyk5w5Z0TdpRS6Q1g=="],

    "fs-constants": ["fs-constants@1.0.0", "https://extend-159581800400.d.codeartifact.us-east-1.amazonaws.com/npm/extend-npm/fs-constants/-/fs-constants-1.0.0.tgz", {}, "sha512-y6OAwoSIf7FyjMIv94u+b5rdheZEjzR63GTyZJm5qh4Bi+2YgwLCcI/fPFZkL5PSixOt6ZNKm+w+Hfp/Bciwow=="],

    "github-from-package": ["github-from-package@0.0.0", "https://extend-159581800400.d.codeartifact.us-east-1.amazonaws.com/npm/extend-npm/github-from-package/-/github-from-package-0.0.0.tgz", {}, "sha1-l/tdlr/eiXMxPyDoKI75oWf6ZM4="],

    "graceful-readlink": ["graceful-readlink@1.0.1", "https://extend-159581800400.d.codeartifact.us-east-1.amazonaws.com/npm/extend-npm/graceful-readlink/-/graceful-readlink-1.0.1.tgz", {}, "sha1-TK+tdrxi8C+gObL5Tpo906ORpyU="],

    "ieee754": ["ieee754@1.2.1", "https://extend-159581800400.d.codeartifact.us-east-1.amazonaws.com/npm/extend-npm/ieee754/-/ieee754-1.2.1.tgz", {}, "sha512-dcyqhDvX1C46lXZcVqCpK+FtMRQVdIMN6/Df5js2zouUsqG7I6sFxitIC+7KYK29KdXOLHdu9zL4sFnoVQnqaA=="],

    "inherits": ["inherits@2.0.4", "https://extend-159581800400.d.codeartifact.us-east-1.amazonaws.com/npm/extend-npm/inherits/-/inherits-2.0.4.tgz", {}, "sha512-k/vGaX4/Yla3WzyMCvTQOXYeIHvqOKtnqBduzTHpzpQZzAskKMhZ2K+EnBiSM9zGSoIFeMpXKxa4dYeZIQqewQ=="],

    "ini": ["ini@6.0.0", "https://extend-159581800400.d.codeartifact.us-east-1.amazonaws.com/npm/extend-npm/ini/-/ini-6.0.0.tgz", {}, "sha512-IBTdIkzZNOpqm7q3dRqJvMaldXjDHWkEDfrwGEQTs5eaQMWV+djAhR+wahyNNMAa+qpbDUhBMVt4ZKNwpPm7xQ=="],

    "just-bash": ["just-bash@2.11.15", "https://extend-159581800400.d.codeartifact.us-east-1.amazonaws.com/npm/extend-npm/just-bash/-/just-bash-2.11.15.tgz", { "dependencies": { "compressjs": "^1.0.3", "diff": "^8.0.2", "fast-xml-parser": "^5.3.3", "file-type": "^21.2.0", "ini": "^6.0.0", "minimatch": "^10.1.1", "modern-tar": "^0.7.3", "papaparse": "^5.5.3", "re2js": "^1.2.1", "smol-toml": "^1.6.0", "sprintf-js": "^1.1.3", "sql.js": "^1.13.0", "turndown": "^7.2.2", "yaml": "^2.8.2" }, "optionalDependencies": { "@mongodb-js/zstd": "^7.0.0", "node-liblzma": "^2.0.3" }, "bin": { "just-bash": "dist/bin/just-bash.js", "just-bash-shell": "dist/bin/shell/shell.js" } }, "sha512-TPxjyF9OMbMKjiQ2CS6mBo0/t8lilWGBVmp45c3GlecyV9dMmQoxlHRMoyF9jWg93PzDD4UfHBBX9XY+OdOW8A=="],

    "mimic-response": ["mimic-response@3.1.0", "https://extend-159581800400.d.codeartifact.us-east-1.amazonaws.com/npm/extend-npm/mimic-response/-/mimic-response-3.1.0.tgz", {}, "sha512-z0yWI+4FDrrweS8Zmt4Ej5HdJmky15+L2e6Wgn3+iK5fWzb6T3fhNFq2+MeTRb064c6Wr4N/wv0DzQTjNzHNGQ=="],

    "minimatch": ["minimatch@10.2.5", "https://extend-159581800400.d.codeartifact.us-east-1.amazonaws.com/npm/extend-npm/minimatch/-/minimatch-10.2.5.tgz", { "dependencies": { "brace-expansion": "^5.0.5" } }, "sha512-MULkVLfKGYDFYejP07QOurDLLQpcjk7Fw+7jXS2R2czRQzR56yHRveU5NDJEOviH+hETZKSkIk5c+T23GjFUMg=="],

    "minimist": ["minimist@1.2.8", "https://extend-159581800400.d.codeartifact.us-east-1.amazonaws.com/npm/extend-npm/minimist/-/minimist-1.2.8.tgz", {}, "sha512-2yyAR8qBkN3YuheJanUpWC5U3bb5osDywNB8RzDVlDwDHbocAJveqqj1u8+SVD7jkWT4yvsHCpWqqWqAxb0zCA=="],

    "mkdirp-classic": ["mkdirp-classic@0.5.3", "https://extend-159581800400.d.codeartifact.us-east-1.amazonaws.com/npm/extend-npm/mkdirp-classic/-/mkdirp-classic-0.5.3.tgz", {}, "sha512-gKLcREMhtuZRwRAfqP3RFW+TK4JqApVBtOIftVgjuABpAtpxhPGaDcfvbhNvD0B8iD1oUr/txX35NjcaY6Ns/A=="],

    "modern-tar": ["modern-tar@0.7.6", "https://extend-159581800400.d.codeartifact.us-east-1.amazonaws.com/npm/extend-npm/modern-tar/-/modern-tar-0.7.6.tgz", {}, "sha512-sweCIVXzx1aIGTCdzcMlSZt1h8k5Tmk08VNAuRk3IU28XamGiOH5ypi11g6De2CH7PhYqSSnGy2A/EFhbWnVKg=="],

    "ms": ["ms@2.1.3", "https://extend-159581800400.d.codeartifact.us-east-1.amazonaws.com/npm/extend-npm/ms/-/ms-2.1.3.tgz", {}, "sha512-6FlzubTLZG3J2a/NVCAleEhjzq5oxgHyaCU9yYXvcLsvoVaHJq/s5xXI6/XXP6tz7R9xAOtHnSO/tXtF3WRTlA=="],

    "napi-build-utils": ["napi-build-utils@2.0.0", "https://extend-159581800400.d.codeartifact.us-east-1.amazonaws.com/npm/extend-npm/napi-build-utils/-/napi-build-utils-2.0.0.tgz", {}, "sha512-GEbrYkbfF7MoNaoh2iGG84Mnf/WZfB0GdGEsM8wz7Expx/LlWf5U8t9nvJKXSp3qr5IsEbK04cBGhol/KwOsWA=="],

    "node-abi": ["node-abi@3.89.0", "https://extend-159581800400.d.codeartifact.us-east-1.amazonaws.com/npm/extend-npm/node-abi/-/node-abi-3.89.0.tgz", { "dependencies": { "semver": "^7.3.5" } }, "sha512-6u9UwL0HlAl21+agMN3YAMXcKByMqwGx+pq+P76vii5f7hTPtKDp08/H9py6DY+cfDw7kQNTGEj/rly3IgbNQA=="],

    "node-addon-api": ["node-addon-api@8.7.0", "https://extend-159581800400.d.codeartifact.us-east-1.amazonaws.com/npm/extend-npm/node-addon-api/-/node-addon-api-8.7.0.tgz", {}, "sha512-9MdFxmkKaOYVTV+XVRG8ArDwwQ77XIgIPyKASB1k3JPq3M8fGQQQE3YpMOrKm6g//Ktx8ivZr8xo1Qmtqub+GA=="],

    "node-gyp-build": ["node-gyp-build@4.8.4", "https://extend-159581800400.d.codeartifact.us-east-1.amazonaws.com/npm/extend-npm/node-gyp-build/-/node-gyp-build-4.8.4.tgz", { "bin": { "node-gyp-build": "bin.js", "node-gyp-build-optional": "optional.js", "node-gyp-build-test": "build-test.js" } }, "sha512-LA4ZjwlnUblHVgq0oBF3Jl/6h/Nvs5fzBLwdEF4nuxnFdsfajde4WfxtJr3CaiH+F6ewcIB/q4jQ4UzPyid+CQ=="],

    "node-liblzma": ["node-liblzma@2.2.0", "https://extend-159581800400.d.codeartifact.us-east-1.amazonaws.com/npm/extend-npm/node-liblzma/-/node-liblzma-2.2.0.tgz", { "dependencies": { "node-addon-api": "^8.5.0", "node-gyp-build": "^4.8.4" }, "bin": { "nxz": "lib/cli/nxz.js" } }, "sha512-s0KzNOWwOJJgPG6wxg6cKohnAl9Wk/oW1KrQaVzJBjQwVcUGPQCzpR46Ximygjqj/3KhOrtJXnYMp/xYAXp75g=="],

    "once": ["once@1.4.0", "https://extend-159581800400.d.codeartifact.us-east-1.amazonaws.com/npm/extend-npm/once/-/once-1.4.0.tgz", { "dependencies": { "wrappy": "1" } }, "sha1-WDsap3WWHUsROsF9nFC6753Xa9E="],

    "openai": ["openai@6.33.0", "https://extend-159581800400.d.codeartifact.us-east-1.amazonaws.com/npm/extend-npm/openai/-/openai-6.33.0.tgz", { "peerDependencies": { "ws": "^8.18.0", "zod": "^3.25 || ^4.0" }, "optionalPeers": ["ws", "zod"], "bin": { "openai": "bin/cli" } }, "sha512-xAYN1W3YsDXJWA5F277135YfkEk6H7D3D6vWwRhJ3OEkzRgcyK8z/P5P9Gyi/wB4N8kK9kM5ZjprfvyHagKmpw=="],

    "papaparse": ["papaparse@5.5.3", "https://extend-159581800400.d.codeartifact.us-east-1.amazonaws.com/npm/extend-npm/papaparse/-/papaparse-5.5.3.tgz", {}, "sha512-5QvjGxYVjxO59MGU2lHVYpRWBBtKHnlIAcSe1uNFCkkptUh63NFRj0FJQm7nR67puEruUci/ZkjmEFrjCAyP4A=="],

    "path-expression-matcher": ["path-expression-matcher@1.4.0", "https://extend-159581800400.d.codeartifact.us-east-1.amazonaws.com/npm/extend-npm/path-expression-matcher/-/path-expression-matcher-1.4.0.tgz", {}, "sha512-s4DQMxIdhj3jLFWd9LxHOplj4p9yQ4ffMGowFf3cpEgrrJjEhN0V5nxw4Ye1EViAGDoL4/1AeO6qHpqYPOzE4Q=="],

    "prebuild-install": ["prebuild-install@7.1.3", "https://extend-159581800400.d.codeartifact.us-east-1.amazonaws.com/npm/extend-npm/prebuild-install/-/prebuild-install-7.1.3.tgz", { "dependencies": { "detect-libc": "^2.0.0", "expand-template": "^2.0.3", "github-from-package": "0.0.0", "minimist": "^1.2.3", "mkdirp-classic": "^0.5.3", "napi-build-utils": "^2.0.0", "node-abi": "^3.3.0", "pump": "^3.0.0", "rc": "^1.2.7", "simple-get": "^4.0.0", "tar-fs": "^2.0.0", "tunnel-agent": "^0.6.0" }, "bin": { "prebuild-install": "bin.js" } }, "sha512-8Mf2cbV7x1cXPUILADGI3wuhfqWvtiLA1iclTDbFRZkgRQS0NqsPZphna9V+HyTEadheuPmjaJMsbzKQFOzLug=="],

    "pump": ["pump@3.0.4", "https://extend-159581800400.d.codeartifact.us-east-1.amazonaws.com/npm/extend-npm/pump/-/pump-3.0.4.tgz", { "dependencies": { "end-of-stream": "^1.1.0", "once": "^1.3.1" } }, "sha512-VS7sjc6KR7e1ukRFhQSY5LM2uBWAUPiOPa/A3mkKmiMwSmRFUITt0xuj+/lesgnCv+dPIEYlkzrcyXgquIHMcA=="],

    "rc": ["rc@1.2.8", "https://extend-159581800400.d.codeartifact.us-east-1.amazonaws.com/npm/extend-npm/rc/-/rc-1.2.8.tgz", { "dependencies": { "deep-extend": "^0.6.0", "ini": "~1.3.0", "minimist": "^1.2.0", "strip-json-comments": "~2.0.1" }, "bin": { "rc": "./cli.js" } }, "sha512-y3bGgqKj3QBdxLbLkomlohkvsA8gdAiUQlSBJnBhfn+BPxg4bc62d8TcBW15wavDfgexCgccckhcZvywyQYPOw=="],

    "re2js": ["re2js@1.3.2", "https://extend-159581800400.d.codeartifact.us-east-1.amazonaws.com/npm/extend-npm/re2js/-/re2js-1.3.2.tgz", {}, "sha512-IXMGZXxEC7LA3z+zhwUwakXtmATpTyBdb3sxDC1i8F/dNLwBBc3NqyFlT+BCvVHIK67G9EFZb3MYGAe7REczKA=="],

    "readable-stream": ["readable-stream@3.6.2", "https://extend-159581800400.d.codeartifact.us-east-1.amazonaws.com/npm/extend-npm/readable-stream/-/readable-stream-3.6.2.tgz", { "dependencies": { "inherits": "^2.0.3", "string_decoder": "^1.1.1", "util-deprecate": "^1.0.1" } }, "sha512-9u/sniCrY3D5WdsERHzHE4G2YCXqoG5FTHUiCC4SIbr6XcLZBY05ya9EKjYek9O5xOAwjGq+1JdGBAS7Q9ScoA=="],

    "safe-buffer": ["safe-buffer@5.2.1", "https://extend-159581800400.d.codeartifact.us-east-1.amazonaws.com/npm/extend-npm/safe-buffer/-/safe-buffer-5.2.1.tgz", {}, "sha512-rp3So07KcdmmKbGvgaNxQSJr7bGVSVk5S9Eq1F+ppbRo70+YeaDxkw5Dd8NPN+GD6bjnYm2VuPuCXmpuYvmCXQ=="],

    "semver": ["semver@7.7.4", "https://extend-159581800400.d.codeartifact.us-east-1.amazonaws.com/npm/extend-npm/semver/-/semver-7.7.4.tgz", { "bin": { "semver": "bin/semver.js" } }, "sha512-vFKC2IEtQnVhpT78h1Yp8wzwrf8CM+MzKMHGJZfBtzhZNycRFnXsHk6E5TxIkkMsgNS7mdX3AGB7x2QM2di4lA=="],

    "simple-concat": ["simple-concat@1.0.1", "https://extend-159581800400.d.codeartifact.us-east-1.amazonaws.com/npm/extend-npm/simple-concat/-/simple-concat-1.0.1.tgz", {}, "sha512-cSFtAPtRhljv69IK0hTVZQ+OfE9nePi/rtJmw5UjHeVyVroEqJXP1sFztKUy1qU+xvz3u/sfYJLa947b7nAN2Q=="],

    "simple-get": ["simple-get@4.0.1", "https://extend-159581800400.d.codeartifact.us-east-1.amazonaws.com/npm/extend-npm/simple-get/-/simple-get-4.0.1.tgz", { "dependencies": { "decompress-response": "^6.0.0", "once": "^1.3.1", "simple-concat": "^1.0.0" } }, "sha512-brv7p5WgH0jmQJr1ZDDfKDOSeWWg+OVypG99A/5vYGPqJ6pxiaHLy8nxtFjBA7oMa01ebA9gfh1uMCFqOuXxvA=="],

    "smol-toml": ["smol-toml@1.6.1", "https://extend-159581800400.d.codeartifact.us-east-1.amazonaws.com/npm/extend-npm/smol-toml/-/smol-toml-1.6.1.tgz", {}, "sha512-dWUG8F5sIIARXih1DTaQAX4SsiTXhInKf1buxdY9DIg4ZYPZK5nGM1VRIYmEbDbsHt7USo99xSLFu5Q1IqTmsg=="],

    "sprintf-js": ["sprintf-js@1.1.3", "https://extend-159581800400.d.codeartifact.us-east-1.amazonaws.com/npm/extend-npm/sprintf-js/-/sprintf-js-1.1.3.tgz", {}, "sha512-Oo+0REFV59/rz3gfJNKQiBlwfHaSESl1pcGyABQsnnIfWOFt6JNj5gCog2U6MLZ//IGYD+nA8nI+mTShREReaA=="],

    "sql.js": ["sql.js@1.14.1", "https://extend-159581800400.d.codeartifact.us-east-1.amazonaws.com/npm/extend-npm/sql.js/-/sql.js-1.14.1.tgz", {}, "sha512-gcj8zBWU5cFsi9WUP+4bFNXAyF1iRpA3LLyS/DP5xlrNzGmPIizUeBggKa8DbDwdqaKwUcTEnChtd2grWo/x/A=="],

    "string_decoder": ["string_decoder@1.3.0", "https://extend-159581800400.d.codeartifact.us-east-1.amazonaws.com/npm/extend-npm/string_decoder/-/string_decoder-1.3.0.tgz", { "dependencies": { "safe-buffer": "~5.2.0" } }, "sha512-hkRX8U1WjJFd8LsDJ2yQ/wWWxaopEsABU1XfkM8A+j0+85JAGppt16cr1Whg6KIbb4okU6Mql6BOj+uup/wKeA=="],

    "strip-json-comments": ["strip-json-comments@2.0.1", "https://extend-159581800400.d.codeartifact.us-east-1.amazonaws.com/npm/extend-npm/strip-json-comments/-/strip-json-comments-2.0.1.tgz", {}, "sha1-PFMZQukIwml8DsNEhYwobHygpgo="],

    "strnum": ["strnum@2.2.3", "https://extend-159581800400.d.codeartifact.us-east-1.amazonaws.com/npm/extend-npm/strnum/-/strnum-2.2.3.tgz", {}, "sha512-oKx6RUCuHfT3oyVjtnrmn19H1SiCqgJSg+54XqURKp5aCMbrXrhLjRN9TjuwMjiYstZ0MzDrHqkGZ5dFTKd+zg=="],

    "strtok3": ["strtok3@10.3.5", "https://extend-159581800400.d.codeartifact.us-east-1.amazonaws.com/npm/extend-npm/strtok3/-/strtok3-10.3.5.tgz", { "dependencies": { "@tokenizer/token": "^0.3.0" } }, "sha512-ki4hZQfh5rX0QDLLkOCj+h+CVNkqmp/CMf8v8kZpkNVK6jGQooMytqzLZYUVYIZcFZ6yDB70EfD8POcFXiF5oA=="],

    "tar-fs": ["tar-fs@2.1.4", "https://extend-159581800400.d.codeartifact.us-east-1.amazonaws.com/npm/extend-npm/tar-fs/-/tar-fs-2.1.4.tgz", { "dependencies": { "chownr": "^1.1.1", "mkdirp-classic": "^0.5.2", "pump": "^3.0.0", "tar-stream": "^2.1.4" } }, "sha512-mDAjwmZdh7LTT6pNleZ05Yt65HC3E+NiQzl672vQG38jIrehtJk/J3mNwIg+vShQPcLF/LV7CMnDW6vjj6sfYQ=="],

    "tar-stream": ["tar-stream@2.2.0", "https://extend-159581800400.d.codeartifact.us-east-1.amazonaws.com/npm/extend-npm/tar-stream/-/tar-stream-2.2.0.tgz", { "dependencies": { "bl": "^4.0.3", "end-of-stream": "^1.4.1", "fs-constants": "^1.0.0", "inherits": "^2.0.3", "readable-stream": "^3.1.1" } }, "sha512-ujeqbceABgwMZxEJnk2HDY2DlnUZ+9oEcb1KzTVfYHio0UE6dG71n60d8D2I4qNvleWrrXpmjpt7vZeF1LnMZQ=="],

    "token-types": ["token-types@6.1.2", "https://extend-159581800400.d.codeartifact.us-east-1.amazonaws.com/npm/extend-npm/token-types/-/token-types-6.1.2.tgz", { "dependencies": { "@borewit/text-codec": "^0.2.1", "@tokenizer/token": "^0.3.0", "ieee754": "^1.2.1" } }, "sha512-dRXchy+C0IgK8WPC6xvCHFRIWYUbqqdEIKPaKo/AcTUNzwLTK6AH7RjdLWsEZcAN/TBdtfUw3PYEgPr5VPr6ww=="],

    "tunnel-agent": ["tunnel-agent@0.6.0", "https://extend-159581800400.d.codeartifact.us-east-1.amazonaws.com/npm/extend-npm/tunnel-agent/-/tunnel-agent-0.6.0.tgz", { "dependencies": { "safe-buffer": "^5.0.1" } }, "sha1-J6XeoGs2sEoKmWZ3SykIaPD8QP0="],

    "turndown": ["turndown@7.2.4", "https://extend-159581800400.d.codeartifact.us-east-1.amazonaws.com/npm/extend-npm/turndown/-/turndown-7.2.4.tgz", { "dependencies": { "@mixmark-io/domino": "^2.2.0" } }, "sha512-I8yFsfRzmzK0WV1pNNOA4A7y4RDfFxPRxb3t+e3ui14qSGOxGtiSP6GjeX+Y6CHb7HYaFj7ECUD7VE5kQMZWGQ=="],

    "uint8array-extras": ["uint8array-extras@1.5.0", "https://extend-159581800400.d.codeartifact.us-east-1.amazonaws.com/npm/extend-npm/uint8array-extras/-/uint8array-extras-1.5.0.tgz", {}, "sha512-rvKSBiC5zqCCiDZ9kAOszZcDvdAHwwIKJG33Ykj43OKcWsnmcBRL09YTU4nOeHZ8Y2a7l1MgTd08SBe9A8Qj6A=="],

    "undici-types": ["undici-types@7.18.2", "https://extend-159581800400.d.codeartifact.us-east-1.amazonaws.com/npm/extend-npm/undici-types/-/undici-types-7.18.2.tgz", {}, "sha512-AsuCzffGHJybSaRrmr5eHr81mwJU3kjw6M+uprWvCXiNeN9SOGwQ3Jn8jb8m3Z6izVgknn1R0FTCEAP2QrLY/w=="],

    "util-deprecate": ["util-deprecate@1.0.2", "https://extend-159581800400.d.codeartifact.us-east-1.amazonaws.com/npm/extend-npm/util-deprecate/-/util-deprecate-1.0.2.tgz", {}, "sha1-RQ1Nyfpw3nMnYvvS1KKJgUGaDM8="],

    "wrappy": ["wrappy@1.0.2", "https://extend-159581800400.d.codeartifact.us-east-1.amazonaws.com/npm/extend-npm/wrappy/-/wrappy-1.0.2.tgz", {}, "sha1-tSQ9jz7BqjXxNkYFvA0QNuMKtp8="],

    "yaml": ["yaml@2.8.3", "https://extend-159581800400.d.codeartifact.us-east-1.amazonaws.com/npm/extend-npm/yaml/-/yaml-2.8.3.tgz", { "bin": { "yaml": "bin.mjs" } }, "sha512-AvbaCLOO2Otw/lW5bmh9d/WEdcDFdQp2Z2ZUH3pX9U2ihyUY0nvLv7J6TrWowklRGPYbB/IuIMfYgxaCPg5Bpg=="],

    "rc/ini": ["ini@1.3.8", "https://extend-159581800400.d.codeartifact.us-east-1.amazonaws.com/npm/extend-npm/ini/-/ini-1.3.8.tgz", {}, "sha512-JV/yugV2uzW5iMRSiZAyDtQd+nxtUnjeLt0acNdw98kKLrvuRVyB80tsREOE7yvGVgalhZ6RNXCmEHkUKBKxew=="],
  }
}
